
Microsoft Visual Studio Solution File, Format Version 12.00
# Visual Studio Version 16
VisualStudioVersion = 16.0.31613.86
MinimumVisualStudioVersion = 10.0.40219.1
Project("{FAE04EC0-301F-11D3-BF4B-00C04F79EFBC}") = "NewMinds", "NewMinds\NewMinds.csproj", "{4D3491DF-C94E-4D70-A722-4DD26FDADC24}"
EndProject
Global
	GlobalSection(SolutionConfigurationPlatforms) = preSolution
		Debug|Any CPU = Debug|Any CPU
		Release|Any CPU = Release|Any CPU
	EndGlobalSection
	GlobalSection(ProjectConfigurationPlatforms) = postSolution
		{4D3491DF-C94E-4D70-A722-4DD26FDADC24}.Debug|Any CPU.ActiveCfg = Debug|Any CPU
		{4D3491DF-C94E-4D70-A722-4DD26FDADC24}.Debug|Any CPU.Build.0 = Debug|Any CPU
		{4D3491DF-C94E-4D70-A722-4DD26FDADC24}.Release|Any CPU.ActiveCfg = Release|Any CPU
		{4D3491DF-C94E-4D70-A722-4DD26FDADC24}.Release|Any CPU.Build.0 = Release|Any CPU
	EndGlobalSection
	GlobalSection(SolutionProperties) = preSolution
		HideSolutionNode = FALSE
	EndGlobalSection
	GlobalSection(ExtensibilityGlobals) = postSolution
		SolutionGuid = {3D894AF2-9801-4131-99D2-3BCB64ED343D}
	EndGlobalSection
EndGlobal
